
Microsoft Visual Studio Solution File, Format Version 12.00
# Visual Studio Version 17
VisualStudioVersion = 17.1.32319.34
MinimumVisualStudioVersion = 10.0.40219.1
Project("{FAE04EC0-301F-11D3-BF4B-00C04F79EFBC}") = "Teste", "Teste\Teste.csproj", "{3A67D405-F66E-4427-BDF0-90B77A25FC36}"
EndProject
Global
	GlobalSection(SolutionConfigurationPlatforms) = preSolution
		Debug|Any CPU = Debug|Any CPU
		Release|Any CPU = Release|Any CPU
	EndGlobalSection
	GlobalSection(ProjectConfigurationPlatforms) = postSolution
		{3A67D405-F66E-4427-BDF0-90B77A25FC36}.Debug|Any CPU.ActiveCfg = Debug|Any CPU
		{3A67D405-F66E-4427-BDF0-90B77A25FC36}.Debug|Any CPU.Build.0 = Debug|Any CPU
		{3A67D405-F66E-4427-BDF0-90B77A25FC36}.Release|Any CPU.ActiveCfg = Release|Any CPU
		{3A67D405-F66E-4427-BDF0-90B77A25FC36}.Release|Any CPU.Build.0 = Release|Any CPU
	EndGlobalSection
	GlobalSection(SolutionProperties) = preSolution
		HideSolutionNode = FALSE
	EndGlobalSection
	GlobalSection(ExtensibilityGlobals) = postSolution
		SolutionGuid = {FF3DDCE3-786C-45C5-AD96-94EA26A4DFF7}
	EndGlobalSection
EndGlobal
